{
  "nodes": {
    "nixpkgs": {
      "locked": {
        "lastModified": 1695806987,
        "narHash": "sha256-fX5kGs66NZIxCMcpAGIpxuftajHL8Hil1vjHmjjl118=",
        "owner": "NixOS",
        "repo": "nixpkgs",
        "rev": "f3dab3509afca932f3f4fd0908957709bb1c1f57",
        "type": "github"
      },
      "original": {
        "owner": "NixOS",
        "ref": "nixpkgs-unstable",
        "repo": "nixpkgs",
        "type": "github"
      }
    },
    "root": {
      "inputs": {
        "nixpkgs": "nixpkgs",
        "yafas": "yafas"
      }
    },
    "systems": {
      "locked": {
        "lastModified": 1681028828,
        "narHash": "sha256-Vy1rq5AaRuLzOxct8nz4T6wlgyUR7zLU309k9mBC768=",
        "owner": "nix-systems",
        "repo": "default",
        "rev": "da67096a3b9bf56a91d16901293e51ba5b49a27e",
        "type": "github"
      },
      "original": {
        "owner": "nix-systems",
        "repo": "default",
        "type": "github"
      }
    },
    "yafas": {
      "inputs": {
        "systems": "systems"
      },
      "locked": {
        "lastModified": 1695918964,
        "narHash": "sha256-TmqK9CW5NVWFenG+Efh/2vuf+ntloCYQcHPrP7G3RfQ=",
        "owner": "UbiqueLambda",
        "repo": "yafas",
        "rev": "cb195ebab375f4ce889fea63bb3999d07c4da58b",
        "type": "github"
      },
      "original": {
        "owner": "UbiqueLambda",
        "ref": "next",
        "repo": "yafas",
        "type": "github"
      }
    }
  },
  "root": "root",
  "version": 7
}
